{
  "version": 4,
  "terraform_version": "0.12.29",
  "serial": 1,
  "lineage": "3e4dccdc-132a-53ba-a1ec-f04ac0c075ea",
  "outputs": {},
  "resources": [
    {
      "mode": "data",
      "type": "oneview_scope",
      "name": "scope_obj",
      "provider": "provider.oneview",
      "instances": [
        {
          "schema_version": 0,
          "attributes": {
            "added_resource_uris": [],
            "appliance_id": "6da5d7c7-9e16-4a83-8a65-47beb9a1fd70",
            "category": "scopes",
            "description": "",
            "etag": "\"2020-09-18T09:51:19.236Z/2020-09-18T09:51:19.236Z\"",
            "ext_attributes": null,
            "id": "test",
            "initial_scope_uris": [],
            "name": "test",
            "old_uri": "null",
            "removed_resource_uris": [],
            "scopes_uri": "/rest/scopes/resources/rest/scopes/248445fa-9344-4442-9d68-72e4b4304665",
            "state": "",
            "type": "ScopeV3",
            "uri": "/rest/scopes/248445fa-9344-4442-9d68-72e4b4304665"
          }
        }
      ]
    },
    {
      "mode": "managed",
      "type": "oneview_fc_network",
      "name": "FCNetwork",
      "provider": "provider.oneview",
      "instances": [
        {
          "schema_version": 0,
          "attributes": {
            "auto_login_redistribution": true,
            "category": "fc-networks",
            "connection_template_uri": "/rest/connection-templates/25b5659c-2a64-4dea-8fea-80a16bca82ee",
            "created": "2020-09-24T11:40:55.458Z",
            "description": "null",
            "etag": "12c0f25f-5d20-4f4f-bc1b-e33780a2f644",
            "fabric_type": "FabricAttach",
            "id": "TestFCNetwork",
            "initial_scope_uris": [
              "/rest/scopes/248445fa-9344-4442-9d68-72e4b4304665"
            ],
            "link_stability_time": 30,
            "managed_san_uri": "null",
            "modified": "2020-09-24T11:40:55.463Z",
            "name": "TestFCNetwork",
            "scopesuri": null,
            "state": "Active",
            "status": "OK",
            "type": "fc-networkV4",
            "uri": "/rest/fc-networks/006d0d59-1b1d-443c-a59b-771f7572e34e"
          },
          "private": "bnVsbA=="
        }
      ]
    }
  ]
}
