{
  "version": 4,
  "terraform_version": "0.12.29",
  "serial": 6,
  "lineage": "3e4dccdc-132a-53ba-a1ec-f04ac0c075ea",
  "outputs": {},
  "resources": [
    {
      "mode": "data",
      "type": "oneview_scope",
      "name": "scope_obj",
      "provider": "provider.oneview",
      "instances": [
        {
          "schema_version": 0,
          "attributes": {
            "added_resource_uris": [],
            "appliance_id": "533be7c1-c071-4720-b1e7-2a55e5b44e6b",
            "category": "scopes",
            "description": "",
            "etag": "\"2020-10-05T11:39:15.604Z/2020-10-05T11:39:15.604Z\"",
            "ext_attributes": null,
            "id": "test",
            "initial_scope_uris": [],
            "name": "test",
            "old_uri": "null",
            "removed_resource_uris": [],
            "scopes_uri": "/rest/scopes/resources/rest/scopes/c1c600b4-2446-476c-9f21-fdd8363eb3d6",
            "state": "",
            "type": "ScopeV3",
            "uri": "/rest/scopes/c1c600b4-2446-476c-9f21-fdd8363eb3d6"
          }
        }
      ]
    },
    {
      "mode": "managed",
      "type": "oneview_fc_network",
      "name": "FCNetwork",
      "provider": "provider.oneview",
      "instances": [
        {
          "schema_version": 0,
          "attributes": {
            "auto_login_redistribution": true,
            "category": "fc-networks",
            "connection_template_uri": "/rest/connection-templates/fd70883e-af2f-48b5-84a1-29851db06038",
            "created": "2020-10-07T18:19:38.029Z",
            "description": "null",
            "etag": "925fe133-0823-454a-a46f-bb7eb6e8fcf3",
            "fabric_type": "FabricAttach",
            "id": "TestFCNetwork",
            "initial_scope_uris": [
              "/rest/scopes/c1c600b4-2446-476c-9f21-fdd8363eb3d6"
            ],
            "link_stability_time": 30,
            "managed_san_uri": "null",
            "modified": "2020-10-07T18:19:38.041Z",
            "name": "TestFCNetwork",
            "scopesuri": null,
            "state": "Active",
            "status": "OK",
            "type": "fc-networkV4",
            "uri": "/rest/fc-networks/d74ab0a5-3d0f-42d1-877b-a6949d45dbf5"
          },
          "private": "bnVsbA=="
        }
      ]
    }
  ]
}
